// !$*UTF8*$!
{
	archiveVersion = 1;
	classes = {
	};
	objectVersion = 77;
	objects = {

/* Begin PBXContainerItemProxy section */
		CB1548122CDBFFBB000A3E24 /* PBXContainerItemProxy */ = {
			isa = PBXContainerItemProxy;
			containerPortal = CB1547F92CDBFFB8000A3E24 /* Project object */;
			proxyType = 1;
			remoteGlobalIDString = CB1548002CDBFFB8000A3E24;
			remoteInfo = WindDown;
		};
		CB15481C2CDBFFBC000A3E24 /* PBXContainerItemProxy */ = {
			isa = PBXContainerItemProxy;
			containerPortal = CB1547F92CDBFFB8000A3E24 /* Project object */;
			proxyType = 1;
			remoteGlobalIDString = CB1548002CDBFFB8000A3E24;
			remoteInfo = WindDown;
		};
/* End PBXContainerItemProxy section */

/* Begin PBXFileReference section */
		CB1548012CDBFFB8000A3E24 /* WindDown.app */ = {isa = PBXFileReference; explicitFileType = wrapper.application; includeInIndex = 0; path = WindDown.app; sourceTree = BUILT_PRODUCTS_DIR; };
		CB1548112CDBFFBB000A3E24 /* WindDownTests.xctest */ = {isa = PBXFileReference; explicitFileType = wrapper.cfbundle; includeInIndex = 0; path = WindDownTests.xctest; sourceTree = BUILT_PRODUCTS_DIR; };
		CB15481B2CDBFFBC000A3E24 /* WindDownUITests.xctest */ = {isa = PBXFileReference; explicitFileType = wrapper.cfbundle; includeInIndex = 0; path = WindDownUITests.xctest; sourceTree = BUILT_PRODUCTS_DIR; };
/* End PBXFileReference section */

/* Begin PBXFileSystemSynchronizedBuildFileExceptionSet section */
		CBDA94B52CFE3A2700C1386C /* Exceptions for "WindDownUITests" folder in "WindDown" target */ = {
			isa = PBXFileSystemSynchronizedBuildFileExceptionSet;
			membershipExceptions = (
				Sounds/birds.wav,
				Sounds/brown_noise.wav,
				Sounds/fireplace.mp3,
				Sounds/gentle_rain.wav,
				Sounds/heavy_rain.wav,
				Sounds/pink_noise.wav,
				Sounds/sea_waves.wav,
				Sounds/thunderstorm.wav,
				Sounds/white_noise.wav,
				Sounds/winter_wind.wav,
			);
			target = CB1548002CDBFFB8000A3E24 /* WindDown */;
		};
		CBDA94B62CFE3A2700C1386C /* Exceptions for "WindDownUITests" folder in "WindDownTests" target */ = {
			isa = PBXFileSystemSynchronizedBuildFileExceptionSet;
			membershipExceptions = (
				Sounds/birds.wav,
				Sounds/brown_noise.wav,
				Sounds/fireplace.mp3,
				Sounds/gentle_rain.wav,
				Sounds/heavy_rain.wav,
				Sounds/pink_noise.wav,
				Sounds/sea_waves.wav,
				Sounds/thunderstorm.wav,
				Sounds/white_noise.wav,
				Sounds/winter_wind.wav,
			);
			target = CB1548102CDBFFBB000A3E24 /* WindDownTests */;
		};
		CBE16CAD2CEAF06D00FB225F /* Exceptions for "WindDown" folder in "WindDown" target */ = {
			isa = PBXFileSystemSynchronizedBuildFileExceptionSet;
			membershipExceptions = (
				Info.plist,
			);
			target = CB1548002CDBFFB8000A3E24 /* WindDown */;
		};
/* End PBXFileSystemSynchronizedBuildFileExceptionSet section */

/* Begin PBXFileSystemSynchronizedRootGroup section */
		CB1548032CDBFFB8000A3E24 /* WindDown */ = {
			isa = PBXFileSystemSynchronizedRootGroup;
			exceptions = (
				CBE16CAD2CEAF06D00FB225F /* Exceptions for "WindDown" folder in "WindDown" target */,
			);
			path = WindDown;
			sourceTree = "<group>";
		};
		CB1548142CDBFFBB000A3E24 /* WindDownTests */ = {
			isa = PBXFileSystemSynchronizedRootGroup;
			path = WindDownTests;
			sourceTree = "<group>";
		};
		CB15481E2CDBFFBC000A3E24 /* WindDownUITests */ = {
			isa = PBXFileSystemSynchronizedRootGroup;
			exceptions = (
				CBDA94B52CFE3A2700C1386C /* Exceptions for "WindDownUITests" folder in "WindDown" target */,
				CBDA94B62CFE3A2700C1386C /* Exceptions for "WindDownUITests" folder in "WindDownTests" target */,
			);
			path = WindDownUITests;
			sourceTree = "<group>";
		};
/* End PBXFileSystemSynchronizedRootGroup section */

/* Begin PBXFrameworksBuildPhase section */
		CB1547FE2CDBFFB8000A3E24 /* Frameworks */ = {
			isa = PBXFrameworksBuildPhase;
			buildActionMask = 2147483647;
			files = (
			);
			runOnlyForDeploymentPostprocessing = 0;
		};
		CB15480E2CDBFFBB000A3E24 /* Frameworks */ = {
			isa = PBXFrameworksBuildPhase;
			buildActionMask = 2147483647;
			files = (
			);
			runOnlyForDeploymentPostprocessing = 0;
		};
		CB1548182CDBFFBC000A3E24 /* Frameworks */ = {
			isa = PBXFrameworksBuildPhase;
			buildActionMask = 2147483647;
			files = (
			);
			runOnlyForDeploymentPostprocessing = 0;
		};
/* End PBXFrameworksBuildPhase section */

/* Begin PBXGroup section */
		CB1547F82CDBFFB8000A3E24 = {
			isa = PBXGroup;
			children = (
				CB1548032CDBFFB8000A3E24 /* WindDown */,
				CB1548142CDBFFBB000A3E24 /* WindDownTests */,
				CB15481E2CDBFFBC000A3E24 /* WindDownUITests */,
				CB1548022CDBFFB8000A3E24 /* Products */,
			);
			sourceTree = "<group>";
		};
		CB1548022CDBFFB8000A3E24 /* Products */ = {
			isa = PBXGroup;
			children = (
				CB1548012CDBFFB8000A3E24 /* WindDown.app */,
				CB1548112CDBFFBB000A3E24 /* WindDownTests.xctest */,
				CB15481B2CDBFFBC000A3E24 /* WindDownUITests.xctest */,
			);
			name = Products;
			sourceTree = "<group>";
		};
/* End PBXGroup section */

/* Begin PBXNativeTarget section */
		CB1548002CDBFFB8000A3E24 /* WindDown */ = {
			isa = PBXNativeTarget;
			buildConfigurationList = CB1548252CDBFFBC000A3E24 /* Build configuration list for PBXNativeTarget "WindDown" */;
			buildPhases = (
				CB1547FD2CDBFFB8000A3E24 /* Sources */,
				CB1547FE2CDBFFB8000A3E24 /* Frameworks */,
				CB1547FF2CDBFFB8000A3E24 /* Resources */,
			);
			buildRules = (
			);
			dependencies = (
			);
			fileSystemSynchronizedGroups = (
				CB1548032CDBFFB8000A3E24 /* WindDown */,
			);
			name = WindDown;
			packageProductDependencies = (
			);
			productName = WindDown;
			productReference = CB1548012CDBFFB8000A3E24 /* WindDown.app */;
			productType = "com.apple.product-type.application";
		};
		CB1548102CDBFFBB000A3E24 /* WindDownTests */ = {
			isa = PBXNativeTarget;
			buildConfigurationList = CB1548282CDBFFBC000A3E24 /* Build configuration list for PBXNativeTarget "WindDownTests" */;
			buildPhases = (
				CB15480D2CDBFFBB000A3E24 /* Sources */,
				CB15480E2CDBFFBB000A3E24 /* Frameworks */,
				CB15480F2CDBFFBB000A3E24 /* Resources */,
			);
			buildRules = (
			);
			dependencies = (
				CB1548132CDBFFBB000A3E24 /* PBXTargetDependency */,
			);
			fileSystemSynchronizedGroups = (
				CB1548142CDBFFBB000A3E24 /* WindDownTests */,
			);
			name = WindDownTests;
			packageProductDependencies = (
			);
			productName = WindDownTests;
			productReference = CB1548112CDBFFBB000A3E24 /* WindDownTests.xctest */;
			productType = "com.apple.product-type.bundle.unit-test";
		};
		CB15481A2CDBFFBC000A3E24 /* WindDownUITests */ = {
			isa = PBXNativeTarget;
			buildConfigurationList = CB15482B2CDBFFBC000A3E24 /* Build configuration list for PBXNativeTarget "WindDownUITests" */;
			buildPhases = (
				CB1548172CDBFFBC000A3E24 /* Sources */,
				CB1548182CDBFFBC000A3E24 /* Frameworks */,
				CB1548192CDBFFBC000A3E24 /* Resources */,
			);
			buildRules = (
			);
			dependencies = (
				CB15481D2CDBFFBC000A3E24 /* PBXTargetDependency */,
			);
			fileSystemSynchronizedGroups = (
				CB15481E2CDBFFBC000A3E24 /* WindDownUITests */,
			);
			name = WindDownUITests;
			packageProductDependencies = (
			);
			productName = WindDownUITests;
			productReference = CB15481B2CDBFFBC000A3E24 /* WindDownUITests.xctest */;
			productType = "com.apple.product-type.bundle.ui-testing";
		};
/* End PBXNativeTarget section */

/* Begin PBXProject section */
		CB1547F92CDBFFB8000A3E24 /* Project object */ = {
			isa = PBXProject;
			attributes = {
				BuildIndependentTargetsInParallel = 1;
				LastSwiftUpdateCheck = 1610;
				LastUpgradeCheck = 1610;
				TargetAttributes = {
					CB1548002CDBFFB8000A3E24 = {
						CreatedOnToolsVersion = 16.1;
					};
					CB1548102CDBFFBB000A3E24 = {
						CreatedOnToolsVersion = 16.1;
						TestTargetID = CB1548002CDBFFB8000A3E24;
					};
					CB15481A2CDBFFBC000A3E24 = {
						CreatedOnToolsVersion = 16.1;
						TestTargetID = CB1548002CDBFFB8000A3E24;
					};
				};
			};
			buildConfigurationList = CB1547FC2CDBFFB8000A3E24 /* Build configuration list for PBXProject "WindDown" */;
			developmentRegion = en;
			hasScannedForEncodings = 0;
			knownRegions = (
				en,
				Base,
			);
			mainGroup = CB1547F82CDBFFB8000A3E24;
			minimizedProjectReferenceProxies = 1;
			preferredProjectObjectVersion = 77;
			productRefGroup = CB1548022CDBFFB8000A3E24 /* Products */;
			projectDirPath = "";
			projectRoot = "";
			targets = (
				CB1548002CDBFFB8000A3E24 /* WindDown */,
				CB1548102CDBFFBB000A3E24 /* WindDownTests */,
				CB15481A2CDBFFBC000A3E24 /* WindDownUITests */,
			);
		};
/* End PBXProject section */

/* Begin PBXResourcesBuildPhase section */
		CB1547FF2CDBFFB8000A3E24 /* Resources */ = {
			isa = PBXResourcesBuildPhase;
			buildActionMask = 2147483647;
			files = (
			);
			runOnlyForDeploymentPostprocessing = 0;
		};
		CB15480F2CDBFFBB000A3E24 /* Resources */ = {
			isa = PBXResourcesBuildPhase;
			buildActionMask = 2147483647;
			files = (
			);
			runOnlyForDeploymentPostprocessing = 0;
		};
		CB1548192CDBFFBC000A3E24 /* Resources */ = {
			isa = PBXResourcesBuildPhase;
			buildActionMask = 2147483647;
			files = (
			);
			runOnlyForDeploymentPostprocessing = 0;
		};
/* End PBXResourcesBuildPhase section */

/* Begin PBXSourcesBuildPhase section */
		CB1547FD2CDBFFB8000A3E24 /* Sources */ = {
			isa = PBXSourcesBuildPhase;
			buildActionMask = 2147483647;
			files = (
			);
			runOnlyForDeploymentPostprocessing = 0;
		};
		CB15480D2CDBFFBB000A3E24 /* Sources */ = {
			isa = PBXSourcesBuildPhase;
			buildActionMask = 2147483647;
			files = (
			);
			runOnlyForDeploymentPostprocessing = 0;
		};
		CB1548172CDBFFBC000A3E24 /* Sources */ = {
			isa = PBXSourcesBuildPhase;
			buildActionMask = 2147483647;
			files = (
			);
			runOnlyForDeploymentPostprocessing = 0;
		};
/* End PBXSourcesBuildPhase section */

/* Begin PBXTargetDependency section */
		CB1548132CDBFFBB000A3E24 /* PBXTargetDependency */ = {
			isa = PBXTargetDependency;
			target = CB1548002CDBFFB8000A3E24 /* WindDown */;
			targetProxy = CB1548122CDBFFBB000A3E24 /* PBXContainerItemProxy */;
		};
		CB15481D2CDBFFBC000A3E24 /* PBXTargetDependency */ = {
			isa = PBXTargetDependency;
			target = CB1548002CDBFFB8000A3E24 /* WindDown */;
			targetProxy = CB15481C2CDBFFBC000A3E24 /* PBXContainerItemProxy */;
		};
/* End PBXTargetDependency section */

/* Begin XCBuildConfiguration section */
		CB1548232CDBFFBC000A3E24 /* Debug */ = {
			isa = XCBuildConfiguration;
			buildSettings = {
				ALWAYS_SEARCH_USER_PATHS = NO;
				ASSETCATALOG_COMPILER_GENERATE_SWIFT_ASSET_SYMBOL_EXTENSIONS = YES;
				CLANG_ANALYZER_NONNULL = YES;
				CLANG_ANALYZER_NUMBER_OBJECT_CONVERSION = YES_AGGRESSIVE;
				CLANG_CXX_LANGUAGE_STANDARD = "gnu++20";
				CLANG_ENABLE_MODULES = YES;
				CLANG_ENABLE_OBJC_ARC = YES;
				CLANG_ENABLE_OBJC_WEAK = YES;
				CLANG_WARN_BLOCK_CAPTURE_AUTORELEASING = YES;
				CLANG_WARN_BOOL_CONVERSION = YES;
				CLANG_WARN_COMMA = YES;
				CLANG_WARN_CONSTANT_CONVERSION = YES;
				CLANG_WARN_DEPRECATED_OBJC_IMPLEMENTATIONS = YES;
				CLANG_WARN_DIRECT_OBJC_ISA_USAGE = YES_ERROR;
				CLANG_WARN_DOCUMENTATION_COMMENTS = YES;
				CLANG_WARN_EMPTY_BODY = YES;
				CLANG_WARN_ENUM_CONVERSION = YES;
				CLANG_WARN_INFINITE_RECURSION = YES;
				CLANG_WARN_INT_CONVERSION = YES;
				CLANG_WARN_NON_LITERAL_NULL_CONVERSION = YES;
				CLANG_WARN_OBJC_IMPLICIT_RETAIN_SELF = YES;
				CLANG_WARN_OBJC_LITERAL_CONVERSION = YES;
				CLANG_WARN_OBJC_ROOT_CLASS = YES_ERROR;
				CLANG_WARN_QUOTED_INCLUDE_IN_FRAMEWORK_HEADER = YES;
				CLANG_WARN_RANGE_LOOP_ANALYSIS = YES;
				CLANG_WARN_STRICT_PROTOTYPES = YES;
				CLANG_WARN_SUSPICIOUS_MOVE = YES;
				CLANG_WARN_UNGUARDED_AVAILABILITY = YES_AGGRESSIVE;
				CLANG_WARN_UNREACHABLE_CODE = YES;
				CLANG_WARN__DUPLICATE_METHOD_MATCH = YES;
				COPY_PHASE_STRIP = NO;
				DEBUG_INFORMATION_FORMAT = dwarf;
				ENABLE_STRICT_OBJC_MSGSEND = YES;
				ENABLE_TESTABILITY = YES;
				ENABLE_USER_SCRIPT_SANDBOXING = YES;
				GCC_C_LANGUAGE_STANDARD = gnu17;
				GCC_DYNAMIC_NO_PIC = NO;
				GCC_NO_COMMON_BLOCKS = YES;
				GCC_OPTIMIZATION_LEVEL = 0;
				GCC_PREPROCESSOR_DEFINITIONS = (
					"DEBUG=1",
					"$(inherited)",
				);
				GCC_WARN_64_TO_32_BIT_CONVERSION = YES;
				GCC_WARN_ABOUT_RETURN_TYPE = YES_ERROR;
				GCC_WARN_UNDECLARED_SELECTOR = YES;
				GCC_WARN_UNINITIALIZED_AUTOS = YES_AGGRESSIVE;
				GCC_WARN_UNUSED_FUNCTION = YES;
				GCC_WARN_UNUSED_VARIABLE = YES;
				IPHONEOS_DEPLOYMENT_TARGET = 17.6;
				LOCALIZATION_PREFERS_STRING_CATALOGS = YES;
				MTL_ENABLE_DEBUG_INFO = INCLUDE_SOURCE;
				MTL_FAST_MATH = YES;
				ONLY_ACTIVE_ARCH = YES;
				SDKROOT = iphoneos;
				SWIFT_ACTIVE_COMPILATION_CONDITIONS = "DEBUG $(inherited)";
				SWIFT_OPTIMIZATION_LEVEL = "-Onone";
			};
			name = Debug;
		};
		CB1548242CDBFFBC000A3E24 /* Release */ = {
			isa = XCBuildConfiguration;
			buildSettings = {
				ALWAYS_SEARCH_USER_PATHS = NO;
				ASSETCATALOG_COMPILER_GENERATE_SWIFT_ASSET_SYMBOL_EXTENSIONS = YES;
				CLANG_ANALYZER_NONNULL = YES;
				CLANG_ANALYZER_NUMBER_OBJECT_CONVERSION = YES_AGGRESSIVE;
				CLANG_CXX_LANGUAGE_STANDARD = "gnu++20";
				CLANG_ENABLE_MODULES = YES;
				CLANG_ENABLE_OBJC_ARC = YES;
				CLANG_ENABLE_OBJC_WEAK = YES;
				CLANG_WARN_BLOCK_CAPTURE_AUTORELEASING = YES;
				CLANG_WARN_BOOL_CONVERSION = YES;
				CLANG_WARN_COMMA = YES;
				CLANG_WARN_CONSTANT_CONVERSION = YES;
				CLANG_WARN_DEPRECATED_OBJC_IMPLEMENTATIONS = YES;
				CLANG_WARN_DIRECT_OBJC_ISA_USAGE = YES_ERROR;
				CLANG_WARN_DOCUMENTATION_COMMENTS = YES;
				CLANG_WARN_EMPTY_BODY = YES;
				CLANG_WARN_ENUM_CONVERSION = YES;
				CLANG_WARN_INFINITE_RECURSION = YES;
				CLANG_WARN_INT_CONVERSION = YES;
				CLANG_WARN_NON_LITERAL_NULL_CONVERSION = YES;
				CLANG_WARN_OBJC_IMPLICIT_RETAIN_SELF = YES;
				CLANG_WARN_OBJC_LITERAL_CONVERSION = YES;
				CLANG_WARN_OBJC_ROOT_CLASS = YES_ERROR;
				CLANG_WARN_QUOTED_INCLUDE_IN_FRAMEWORK_HEADER = YES;
				CLANG_WARN_RANGE_LOOP_ANALYSIS = YES;
				CLANG_WARN_STRICT_PROTOTYPES = YES;
				CLANG_WARN_SUSPICIOUS_MOVE = YES;
				CLANG_WARN_UNGUARDED_AVAILABILITY = YES_AGGRESSIVE;
				CLANG_WARN_UNREACHABLE_CODE = YES;
				CLANG_WARN__DUPLICATE_METHOD_MATCH = YES;
				COPY_PHASE_STRIP = NO;
				DEBUG_INFORMATION_FORMAT = "dwarf-with-dsym";
				ENABLE_NS_ASSERTIONS = NO;
				ENABLE_STRICT_OBJC_MSGSEND = YES;
				ENABLE_USER_SCRIPT_SANDBOXING = YES;
				GCC_C_LANGUAGE_STANDARD = gnu17;
				GCC_NO_COMMON_BLOCKS = YES;
				GCC_WARN_64_TO_32_BIT_CONVERSION = YES;
				GCC_WARN_ABOUT_RETURN_TYPE = YES_ERROR;
				GCC_WARN_UNDECLARED_SELECTOR = YES;
				GCC_WARN_UNINITIALIZED_AUTOS = YES_AGGRESSIVE;
				GCC_WARN_UNUSED_FUNCTION = YES;
				GCC_WARN_UNUSED_VARIABLE = YES;
				IPHONEOS_DEPLOYMENT_TARGET = 17.6;
				LOCALIZATION_PREFERS_STRING_CATALOGS = YES;
				MTL_ENABLE_DEBUG_INFO = NO;
				MTL_FAST_MATH = YES;
				SDKROOT = iphoneos;
				SWIFT_COMPILATION_MODE = wholemodule;
				VALIDATE_PRODUCT = YES;
			};
			name = Release;
		};
		CB1548262CDBFFBC000A3E24 /* Debug */ = {
			isa = XCBuildConfiguration;
			buildSettings = {
				ASSETCATALOG_COMPILER_APPICON_NAME = AppIcon;
				ASSETCATALOG_COMPILER_GLOBAL_ACCENT_COLOR_NAME = AccentColor;
				CODE_SIGN_STYLE = Automatic;
				CURRENT_PROJECT_VERSION = 1;
				DEVELOPMENT_ASSET_PATHS = "\"WindDown/Preview Content\"";
				DEVELOPMENT_TEAM = Z8XW2AH4XT;
				ENABLE_PREVIEWS = YES;
				GENERATE_INFOPLIST_FILE = YES;
				INFOPLIST_FILE = WindDown/Info.plist;
				INFOPLIST_KEY_UIApplicationSceneManifest_Generation = YES;
				INFOPLIST_KEY_UIApplicationSupportsIndirectInputEvents = YES;
				INFOPLIST_KEY_UILaunchScreen_Generation = YES;
				INFOPLIST_KEY_UISupportedInterfaceOrientations_iPad = "UIInterfaceOrientationPortrait UIInterfaceOrientationPortraitUpsideDown UIInterfaceOrientationLandscapeLeft UIInterfaceOrientationLandscapeRight";
				INFOPLIST_KEY_UISupportedInterfaceOrientations_iPhone = "UIInterfaceOrientationPortrait UIInterfaceOrientationLandscapeLeft UIInterfaceOrientationLandscapeRight";
				LD_RUNPATH_SEARCH_PATHS = (
					"$(inherited)",
					"@executable_path/Frameworks",
				);
				MARKETING_VERSION = 1.0;
				PRODUCT_BUNDLE_IDENTIFIER = laurengalarza.WindDown;
				PRODUCT_NAME = "$(TARGET_NAME)";
				SWIFT_EMIT_LOC_STRINGS = YES;
				SWIFT_VERSION = 5.0;
				TARGETED_DEVICE_FAMILY = "1,2";
			};
			name = Debug;
		};
		CB1548272CDBFFBC000A3E24 /* Release */ = {
			isa = XCBuildConfiguration;
			buildSettings = {
				ASSETCATALOG_COMPILER_APPICON_NAME = AppIcon;
				ASSETCATALOG_COMPILER_GLOBAL_ACCENT_COLOR_NAME = AccentColor;
				CODE_SIGN_STYLE = Automatic;
				CURRENT_PROJECT_VERSION = 1;
				DEVELOPMENT_ASSET_PATHS = "\"WindDown/Preview Content\"";
				DEVELOPMENT_TEAM = Z8XW2AH4XT;
				ENABLE_PREVIEWS = YES;
				GENERATE_INFOPLIST_FILE = YES;
				INFOPLIST_FILE = WindDown/Info.plist;
				INFOPLIST_KEY_UIApplicationSceneManifest_Generation = YES;
				INFOPLIST_KEY_UIApplicationSupportsIndirectInputEvents = YES;
				INFOPLIST_KEY_UILaunchScreen_Generation = YES;
				INFOPLIST_KEY_UISupportedInterfaceOrientations_iPad = "UIInterfaceOrientationPortrait UIInterfaceOrientationPortraitUpsideDown UIInterfaceOrientationLandscapeLeft UIInterfaceOrientationLandscapeRight";
				INFOPLIST_KEY_UISupportedInterfaceOrientations_iPhone = "UIInterfaceOrientationPortrait UIInterfaceOrientationLandscapeLeft UIInterfaceOrientationLandscapeRight";
				LD_RUNPATH_SEARCH_PATHS = (
					"$(inherited)",
					"@executable_path/Frameworks",
				);
				MARKETING_VERSION = 1.0;
				PRODUCT_BUNDLE_IDENTIFIER = laurengalarza.WindDown;
				PRODUCT_NAME = "$(TARGET_NAME)";
				SWIFT_EMIT_LOC_STRINGS = YES;
				SWIFT_VERSION = 5.0;
				TARGETED_DEVICE_FAMILY = "1,2";
			};
			name = Release;
		};
		CB1548292CDBFFBC000A3E24 /* Debug */ = {
			isa = XCBuildConfiguration;
			buildSettings = {
				BUNDLE_LOADER = "$(TEST_HOST)";
				CODE_SIGN_STYLE = Automatic;
				CURRENT_PROJECT_VERSION = 1;
				GENERATE_INFOPLIST_FILE = YES;
				IPHONEOS_DEPLOYMENT_TARGET = 17.6;
				MARKETING_VERSION = 1.0;
				PRODUCT_BUNDLE_IDENTIFIER = laurengalarza.WindDownTests;
				PRODUCT_NAME = "$(TARGET_NAME)";
				SWIFT_EMIT_LOC_STRINGS = NO;
				SWIFT_VERSION = 5.0;
				TARGETED_DEVICE_FAMILY = "1,2";
				TEST_HOST = "$(BUILT_PRODUCTS_DIR)/WindDown.app/$(BUNDLE_EXECUTABLE_FOLDER_PATH)/WindDown";
			};
			name = Debug;
		};
		CB15482A2CDBFFBC000A3E24 /* Release */ = {
			isa = XCBuildConfiguration;
			buildSettings = {
				BUNDLE_LOADER = "$(TEST_HOST)";
				CODE_SIGN_STYLE = Automatic;
				CURRENT_PROJECT_VERSION = 1;
				GENERATE_INFOPLIST_FILE = YES;
				IPHONEOS_DEPLOYMENT_TARGET = 17.6;
				MARKETING_VERSION = 1.0;
				PRODUCT_BUNDLE_IDENTIFIER = laurengalarza.WindDownTests;
				PRODUCT_NAME = "$(TARGET_NAME)";
				SWIFT_EMIT_LOC_STRINGS = NO;
				SWIFT_VERSION = 5.0;
				TARGETED_DEVICE_FAMILY = "1,2";
				TEST_HOST = "$(BUILT_PRODUCTS_DIR)/WindDown.app/$(BUNDLE_EXECUTABLE_FOLDER_PATH)/WindDown";
			};
			name = Release;
		};
		CB15482C2CDBFFBC000A3E24 /* Debug */ = {
			isa = XCBuildConfiguration;
			buildSettings = {
				CODE_SIGN_STYLE = Automatic;
				CURRENT_PROJECT_VERSION = 1;
				GENERATE_INFOPLIST_FILE = YES;
				MARKETING_VERSION = 1.0;
				PRODUCT_BUNDLE_IDENTIFIER = laurengalarza.WindDownUITests;
				PRODUCT_NAME = "$(TARGET_NAME)";
				SWIFT_EMIT_LOC_STRINGS = NO;
				SWIFT_VERSION = 5.0;
				TARGETED_DEVICE_FAMILY = "1,2";
				TEST_TARGET_NAME = WindDown;
			};
			name = Debug;
		};
		CB15482D2CDBFFBC000A3E24 /* Release */ = {
			isa = XCBuildConfiguration;
			buildSettings = {
				CODE_SIGN_STYLE = Automatic;
				CURRENT_PROJECT_VERSION = 1;
				GENERATE_INFOPLIST_FILE = YES;
				MARKETING_VERSION = 1.0;
				PRODUCT_BUNDLE_IDENTIFIER = laurengalarza.WindDownUITests;
				PRODUCT_NAME = "$(TARGET_NAME)";
				SWIFT_EMIT_LOC_STRINGS = NO;
				SWIFT_VERSION = 5.0;
				TARGETED_DEVICE_FAMILY = "1,2";
				TEST_TARGET_NAME = WindDown;
			};
			name = Release;
		};
/* End XCBuildConfiguration section */

/* Begin XCConfigurationList section */
		CB1547FC2CDBFFB8000A3E24 /* Build configuration list for PBXProject "WindDown" */ = {
			isa = XCConfigurationList;
			buildConfigurations = (
				CB1548232CDBFFBC000A3E24 /* Debug */,
				CB1548242CDBFFBC000A3E24 /* Release */,
			);
			defaultConfigurationIsVisible = 0;
			defaultConfigurationName = Release;
		};
		CB1548252CDBFFBC000A3E24 /* Build configuration list for PBXNativeTarget "WindDown" */ = {
			isa = XCConfigurationList;
			buildConfigurations = (
				CB1548262CDBFFBC000A3E24 /* Debug */,
				CB1548272CDBFFBC000A3E24 /* Release */,
			);
			defaultConfigurationIsVisible = 0;
			defaultConfigurationName = Release;
		};
		CB1548282CDBFFBC000A3E24 /* Build configuration list for PBXNativeTarget "WindDownTests" */ = {
			isa = XCConfigurationList;
			buildConfigurations = (
				CB1548292CDBFFBC000A3E24 /* Debug */,
				CB15482A2CDBFFBC000A3E24 /* Release */,
			);
			defaultConfigurationIsVisible = 0;
			defaultConfigurationName = Release;
		};
		CB15482B2CDBFFBC000A3E24 /* Build configuration list for PBXNativeTarget "WindDownUITests" */ = {
			isa = XCConfigurationList;
			buildConfigurations = (
				CB15482C2CDBFFBC000A3E24 /* Debug */,
				CB15482D2CDBFFBC000A3E24 /* Release */,
			);
			defaultConfigurationIsVisible = 0;
			defaultConfigurationName = Release;
		};
/* End XCConfigurationList section */
	};
	rootObject = CB1547F92CDBFFB8000A3E24 /* Project object */;
}
